Microsoft Visual Studio Solution File, Format Version 12.00
# Visual Studio Version 17
VisualStudioVersion = 17.5.2.0
MinimumVisualStudioVersion = 10.0.40219.1
Project("{FAE04EC0-301F-11D3-BF4B-00C04F79EFBC}") = "MockSamlIdp", "MockSamlIdp.csproj", "{2FF4CBAB-C9CE-09C4-96A5-22843B54D12D}"
EndProject
Global
	GlobalSection(SolutionConfigurationPlatforms) = preSolution
		Debug|Any CPU = Debug|Any CPU
		Release|Any CPU = Release|Any CPU
	EndGlobalSection
	GlobalSection(ProjectConfigurationPlatforms) = postSolution
		{2FF4CBAB-C9CE-09C4-96A5-22843B54D12D}.Debug|Any CPU.ActiveCfg = Debug|Any CPU
		{2FF4CBAB-C9CE-09C4-96A5-22843B54D12D}.Debug|Any CPU.Build.0 = Debug|Any CPU
		{2FF4CBAB-C9CE-09C4-96A5-22843B54D12D}.Release|Any CPU.ActiveCfg = Release|Any CPU
		{2FF4CBAB-C9CE-09C4-96A5-22843B54D12D}.Release|Any CPU.Build.0 = Release|Any CPU
	EndGlobalSection
	GlobalSection(SolutionProperties) = preSolution
		HideSolutionNode = FALSE
	EndGlobalSection
	GlobalSection(ExtensibilityGlobals) = postSolution
		SolutionGuid = {AC73F9ED-F3F5-4EA4-9B7E-D14D4EEE90E6}
	EndGlobalSection
EndGlobal
